
Microsoft Visual Studio Solution File, Format Version 12.00
# Visual Studio Version 16
VisualStudioVersion = 16.0.30225.117
MinimumVisualStudioVersion = 10.0.40219.1
Project("{9A19103F-16F7-4668-BE54-9A1E7A4F7556}") = "AdvanceMYS", "AdvanceMYS\AdvanceMYS.csproj", "{E2416135-A6D9-4A39-AECC-B6F701D1DBE8}"
EndProject
Project("{FAE04EC0-301F-11D3-BF4B-00C04F79EFBC}") = "DomainClass", "DomainClass\DomainClass.csproj", "{D9C8D7FF-4543-4C6A-ABC1-513481904EE7}"
EndProject
Global
	GlobalSection(SolutionConfigurationPlatforms) = preSolution
		Debug|Any CPU = Debug|Any CPU
		Release|Any CPU = Release|Any CPU
	EndGlobalSection
	GlobalSection(ProjectConfigurationPlatforms) = postSolution
		{E2416135-A6D9-4A39-AECC-B6F701D1DBE8}.Debug|Any CPU.ActiveCfg = Debug|Any CPU
		{E2416135-A6D9-4A39-AECC-B6F701D1DBE8}.Debug|Any CPU.Build.0 = Debug|Any CPU
		{E2416135-A6D9-4A39-AECC-B6F701D1DBE8}.Release|Any CPU.ActiveCfg = Release|Any CPU
		{E2416135-A6D9-4A39-AECC-B6F701D1DBE8}.Release|Any CPU.Build.0 = Release|Any CPU
		{D9C8D7FF-4543-4C6A-ABC1-513481904EE7}.Debug|Any CPU.ActiveCfg = Debug|Any CPU
		{D9C8D7FF-4543-4C6A-ABC1-513481904EE7}.Debug|Any CPU.Build.0 = Debug|Any CPU
		{D9C8D7FF-4543-4C6A-ABC1-513481904EE7}.Release|Any CPU.ActiveCfg = Release|Any CPU
		{D9C8D7FF-4543-4C6A-ABC1-513481904EE7}.Release|Any CPU.Build.0 = Release|Any CPU
	EndGlobalSection
	GlobalSection(SolutionProperties) = preSolution
		HideSolutionNode = FALSE
	EndGlobalSection
	GlobalSection(ExtensibilityGlobals) = postSolution
		SolutionGuid = {8EE806F5-CE51-4DE4-9223-053AA7F049FE}
	EndGlobalSection
EndGlobal
